{
  "nodes": {
    "agenix": {
      "inputs": {
        "darwin": "darwin",
        "home-manager": [
          "copper",
          "home-manager"
        ],
        "nixpkgs": [
          "copper",
          "nixpkgs"
        ],
        "systems": [
          "copper",
          "systems"
        ]
      },
      "locked": {
        "lastModified": 1712079060,
        "narHash": "sha256-/JdiT9t+zzjChc5qQiF+jhrVhRt8figYH29rZO7pFe4=",
        "owner": "ryantm",
        "repo": "agenix",
        "rev": "1381a759b205dff7a6818733118d02253340fd5e",
        "type": "github"
      },
      "original": {
        "owner": "ryantm",
        "repo": "agenix",
        "type": "github"
      }
    },
    "ags": {
      "inputs": {
        "nixpkgs": [
          "copper",
          "nixpkgs"
        ]
      },
      "locked": {
        "lastModified": 1715632593,
        "narHash": "sha256-wAO7t9N/ibx9MbRJdqEQ0UyqsDBEcXYBTGJYB3tcfBk=",
        "owner": "Cu3PO42",
        "repo": "ags",
        "rev": "94531b075455492efdb67e5672541716e0e78634",
        "type": "github"
      },
      "original": {
        "owner": "Cu3PO42",
        "ref": "new-polkit",
        "repo": "ags",
        "type": "github"
      }
    },
    "astal": {
      "inputs": {
        "nixpkgs": [
          "copper",
          "nixpkgs"
        ]
      },
      "locked": {
        "lastModified": 1710876438,
        "narHash": "sha256-Uf6m0XD+ol7pb26QykZQmZoRdRkKDlLoCrYGiANMvuQ=",
        "owner": "Aylur",
        "repo": "astal",
        "rev": "4e4b4eb6b38ffdfbfc4ca87878817d075c8bd988",
        "type": "github"
      },
      "original": {
        "owner": "Aylur",
        "repo": "astal",
        "type": "github"
      }
    },
    "asztal": {
      "inputs": {
        "ags": [
          "copper",
          "ags"
        ],
        "astal": [
          "copper",
          "astal"
        ],
        "firefox-gnome-theme": "firefox-gnome-theme",
        "home-manager": [
          "copper",
          "home-manager"
        ],
        "hyprland": [
          "copper",
          "hyprland"
        ],
        "hyprland-hyprspace": [
          "copper",
          "hyprspace"
        ],
        "hyprland-plugins": [
          "copper",
          "hyprland-plugins"
        ],
        "lf-icons": "lf-icons",
        "matugen": [
          "copper",
          "matugen"
        ],
        "nix-darwin": [
          "copper",
          "nix-darwin"
        ],
        "nixpkgs": [
          "copper",
          "nixpkgs"
        ],
        "turtle-git": "turtle-git"
      },
      "locked": {
        "lastModified": 1715361048,
        "narHash": "sha256-MDZZQOM8Fjhu38z6gbP5QwBNkWptRqlT/fpB6Li53UQ=",
        "owner": "Aylur",
        "repo": "dotfiles",
        "rev": "f6ae386e50a079f778bb1760e630bf71a9de096f",
        "type": "github"
      },
      "original": {
        "owner": "Aylur",
        "repo": "dotfiles",
        "type": "github"
      }
    },
    "brew-src": {
      "flake": false,
      "locked": {
        "lastModified": 1711985568,
        "narHash": "sha256-VLeP9HGQwfkiuHDp648PXGCkogr3ktYm0q9Yj+i0lGQ=",
        "owner": "Homebrew",
        "repo": "brew",
        "rev": "bd1155be8f50998429a795c15a69c8fe75250510",
        "type": "github"
      },
      "original": {
        "owner": "Homebrew",
        "ref": "4.2.16",
        "repo": "brew",
        "type": "github"
      }
    },
    "clockifyd": {
      "inputs": {
        "zig2nix": "zig2nix"
      },
      "locked": {
        "lastModified": 1720425615,
        "narHash": "sha256-2jJVtadiw1qmR3+4uzTHyuty8FpxemtNL/IkY6FGUAM=",
        "owner": "maxbol",
        "repo": "clockifyd",
        "rev": "d474712a5374ca7254c5e1c98040f892c4616679",
        "type": "github"
      },
      "original": {
        "owner": "maxbol",
        "repo": "clockifyd",
        "type": "github"
      }
    },
    "copper": {
      "inputs": {
        "agenix": "agenix",
        "ags": "ags",
        "astal": "astal",
        "asztal": "asztal",
        "disko": "disko",
        "flake-compat": [
          "flake-compat"
        ],
        "flake-parts": [
          "flake-parts"
        ],
        "flake-utils": [
          "flake-utils"
        ],
        "gtk-session-lock": "gtk-session-lock",
        "home-manager": "home-manager",
        "hy3": "hy3",
        "hypr-contrib": [
          "hypr-contrib"
        ],
        "hyprcursor": "hyprcursor",
        "hyprfocus": "hyprfocus",
        "hypridle": "hypridle",
        "hyprland": [
          "hyprland"
        ],
        "hyprland-plugins": [
          "hyprland-plugins"
        ],
        "hyprlang": "hyprlang",
        "hyprlock": "hyprlock",
        "hyprspace": "hyprspace",
        "impermanence": "impermanence",
        "lanzaboote": "lanzaboote",
        "matugen": "matugen",
        "nix-darwin": "nix-darwin",
        "nix-homebrew": "nix-homebrew",
        "nix-index-database": "nix-index-database",
        "nix-ld-rs": "nix-ld-rs",
        "nix-search-cli": "nix-search-cli",
        "nixos-anywhere": "nixos-anywhere",
        "nixos-wsl": "nixos-wsl",
        "nixpkgs": [
          "nixpkgs"
        ],
        "rust-overlay": "rust-overlay",
        "systems": [
          "systems"
        ],
        "systems-linux": "systems-linux",
        "wezterm": "wezterm"
      },
      "locked": {
        "lastModified": 1717014626,
        "narHash": "sha256-ecFM2rDMoC398NtzFCduaiAPJJahLlnaS+zuEIV29lM=",
        "owner": "Cu3PO42",
        "repo": "gleaming-glacier",
        "rev": "c41a0e640b5c0f51537f5619c940a491ea40f1e6",
        "type": "github"
      },
      "original": {
        "owner": "Cu3PO42",
        "ref": "next",
        "repo": "gleaming-glacier",
        "type": "github"
      }
    },
    "crane": {
      "inputs": {
        "nixpkgs": [
          "copper",
          "lanzaboote",
          "nixpkgs"
        ]
      },
      "locked": {
        "lastModified": 1711299236,
        "narHash": "sha256-6/JsyozOMKN8LUGqWMopKTSiK8N79T8Q+hcxu2KkTXg=",
        "owner": "ipetkov",
        "repo": "crane",
        "rev": "880573f80d09e18a11713f402b9e6172a085449f",
        "type": "github"
      },
      "original": {
        "owner": "ipetkov",
        "repo": "crane",
        "type": "github"
      }
    },
    "custom-udev-rules": {
      "locked": {
        "lastModified": 1629206028,
        "narHash": "sha256-n64MnULU1TPI6kk26jjlUH1MaxEcT5XzJk9etqV1F/o=",
        "owner": "MalteT",
        "repo": "custom-udev-rules",
        "rev": "076820552a02db42a74dd6ee26b912fdff7643e1",
        "type": "github"
      },
      "original": {
        "owner": "MalteT",
        "repo": "custom-udev-rules",
        "type": "github"
      }
    },
    "darwin": {
      "inputs": {
        "nixpkgs": [
          "copper",
          "agenix",
          "nixpkgs"
        ]
      },
      "locked": {
        "lastModified": 1700795494,
        "narHash": "sha256-gzGLZSiOhf155FW7262kdHo2YDeugp3VuIFb4/GGng0=",
        "owner": "lnl7",
        "repo": "nix-darwin",
        "rev": "4b9b83d5a92e8c1fbfd8eb27eda375908c11ec4d",
        "type": "github"
      },
      "original": {
        "owner": "lnl7",
        "ref": "master",
        "repo": "nix-darwin",
        "type": "github"
      }
    },
    "disko": {
      "inputs": {
        "nixpkgs": [
          "copper",
          "nixpkgs"
        ]
      },
      "locked": {
        "lastModified": 1713204594,
        "narHash": "sha256-5yyHYBWFZUKXkJvOccPBeX83hH2iED54NLnWs2eWgS0=",
        "owner": "nix-community",
        "repo": "disko",
        "rev": "d51114dc1bf3cfaba2b6644aabd16ff0c9909af5",
        "type": "github"
      },
      "original": {
        "owner": "nix-community",
        "repo": "disko",
        "type": "github"
      }
    },
    "firefox-gnome-theme": {
      "flake": false,
      "locked": {
        "lastModified": 1714702515,
        "narHash": "sha256-EACja6V2lNh67Xvmhr0eEM/VeqM7OlTTm/81LhRbsBE=",
        "owner": "rafaelmardojai",
        "repo": "firefox-gnome-theme",
        "rev": "c4eec329c464f3f89ab78a56a47eee6271ea9d19",
        "type": "github"
      },
      "original": {
        "owner": "rafaelmardojai",
        "repo": "firefox-gnome-theme",
        "type": "github"
      }
    },
    "flake-compat": {
      "flake": false,
      "locked": {
        "lastModified": 1696426674,
        "narHash": "sha256-kvjfFW7WAETZlt09AgDn1MrtKzP7t90Vf7vypd3OL1U=",
        "owner": "edolstra",
        "repo": "flake-compat",
        "rev": "0f9255e01c2351cc7d116c072cb317785dd33b33",
        "type": "github"
      },
      "original": {
        "owner": "edolstra",
        "repo": "flake-compat",
        "type": "github"
      }
    },
    "flake-parts": {
      "inputs": {
        "nixpkgs-lib": "nixpkgs-lib"
      },
      "locked": {
        "lastModified": 1717285511,
        "narHash": "sha256-iKzJcpdXih14qYVcZ9QC9XuZYnPc6T8YImb6dX166kw=",
        "owner": "hercules-ci",
        "repo": "flake-parts",
        "rev": "2a55567fcf15b1b1c7ed712a2c6fadaec7412ea8",
        "type": "github"
      },
      "original": {
        "owner": "hercules-ci",
        "repo": "flake-parts",
        "type": "github"
      }
    },
    "flake-root": {
      "locked": {
        "lastModified": 1713493429,
        "narHash": "sha256-ztz8JQkI08tjKnsTpfLqzWoKFQF4JGu2LRz8bkdnYUk=",
        "owner": "srid",
        "repo": "flake-root",
        "rev": "bc748b93b86ee76e2032eecda33440ceb2532fcd",
        "type": "github"
      },
      "original": {
        "owner": "srid",
        "repo": "flake-root",
        "type": "github"
      }
    },
    "flake-utils": {
      "inputs": {
        "systems": "systems"
      },
      "locked": {
        "lastModified": 1710146030,
        "narHash": "sha256-SZ5L6eA7HJ/nmkzGG7/ISclqe6oZdOZTNoesiInkXPQ=",
        "owner": "numtide",
        "repo": "flake-utils",
        "rev": "b1d9ab70662946ef0850d488da1c9019f3a9752a",
        "type": "github"
      },
      "original": {
        "owner": "numtide",
        "repo": "flake-utils",
        "type": "github"
      }
    },
    "flake-utils_2": {
      "inputs": {
        "systems": [
          "systems"
        ]
      },
      "locked": {
        "lastModified": 1710146030,
        "narHash": "sha256-SZ5L6eA7HJ/nmkzGG7/ISclqe6oZdOZTNoesiInkXPQ=",
        "owner": "numtide",
        "repo": "flake-utils",
        "rev": "b1d9ab70662946ef0850d488da1c9019f3a9752a",
        "type": "github"
      },
      "original": {
        "owner": "numtide",
        "repo": "flake-utils",
        "type": "github"
      }
    },
    "flake-utils_3": {
      "inputs": {
        "systems": "systems_2"
      },
      "locked": {
        "lastModified": 1726560853,
        "narHash": "sha256-X6rJYSESBVr3hBoH0WbKE5KvhPU5bloyZ2L4K60/fPQ=",
        "owner": "numtide",
        "repo": "flake-utils",
        "rev": "c1dfcf08411b08f6b8615f7d8971a2bfa81d5e8a",
        "type": "github"
      },
      "original": {
        "owner": "numtide",
        "repo": "flake-utils",
        "type": "github"
      }
    },
    "freetype2": {
      "flake": false,
      "locked": {
        "lastModified": 1687587065,
        "narHash": "sha256-+Fh+/k+NWL5Ow9sDLtp8Cv/8rLNA1oByQQCIQS/bysY=",
        "owner": "wez",
        "repo": "freetype2",
        "rev": "e4586d960f339cf75e2e0b34aee30a0ed8353c0d",
        "type": "github"
      },
      "original": {
        "owner": "wez",
        "repo": "freetype2",
        "rev": "e4586d960f339cf75e2e0b34aee30a0ed8353c0d",
        "type": "github"
      }
    },
    "gitignore": {
      "inputs": {
        "nixpkgs": [
          "copper",
          "lanzaboote",
          "pre-commit-hooks-nix",
          "nixpkgs"
        ]
      },
      "locked": {
        "lastModified": 1709087332,
        "narHash": "sha256-HG2cCnktfHsKV0s4XW83gU3F57gaTljL9KNSuG6bnQs=",
        "owner": "hercules-ci",
        "repo": "gitignore.nix",
        "rev": "637db329424fd7e46cf4185293b9cc8c88c95394",
        "type": "github"
      },
      "original": {
        "owner": "hercules-ci",
        "repo": "gitignore.nix",
        "type": "github"
      }
    },
    "gitignore_2": {
      "inputs": {
        "nixpkgs": [
          "nixpkgs"
        ]
      },
      "locked": {
        "lastModified": 1709087332,
        "narHash": "sha256-HG2cCnktfHsKV0s4XW83gU3F57gaTljL9KNSuG6bnQs=",
        "owner": "hercules-ci",
        "repo": "gitignore.nix",
        "rev": "637db329424fd7e46cf4185293b9cc8c88c95394",
        "type": "github"
      },
      "original": {
        "owner": "hercules-ci",
        "repo": "gitignore.nix",
        "type": "github"
      }
    },
    "gomod2nix": {
      "inputs": {
        "nixpkgs": [
          "copper",
          "nix-search-cli",
          "nixpkgs"
        ],
        "utils": [
          "copper",
          "nix-search-cli",
          "flake-utils"
        ]
      },
      "locked": {
        "lastModified": 1662501203,
        "narHash": "sha256-4BKeqCX2zwgBiTdlc2DjGQ0CttKm0vSw0r/bdFdM/PQ=",
        "owner": "nix-community",
        "repo": "gomod2nix",
        "rev": "89cd0675b96775aa3ee86e7c0cf5bc238dd27976",
        "type": "github"
      },
      "original": {
        "owner": "nix-community",
        "repo": "gomod2nix",
        "type": "github"
      }
    },
    "gtk-session-lock": {
      "inputs": {
        "nixpkgs": [
          "copper",
          "nixpkgs"
        ]
      },
      "locked": {
        "lastModified": 1712691041,
        "narHash": "sha256-rWx2IF0Po5/OLa4xxprdwn9bhS7aaz8bVHVA4KpicI8=",
        "owner": "Cu3PO42",
        "repo": "gtk-session-lock",
        "rev": "e1a913f480f60f5ce3fa235f017bcfc33d902858",
        "type": "github"
      },
      "original": {
        "owner": "Cu3PO42",
        "repo": "gtk-session-lock",
        "type": "github"
      }
    },
    "harfbuzz": {
      "flake": false,
      "locked": {
        "lastModified": 1711722720,
        "narHash": "sha256-GdxcAPx5QyniSHPAN1ih28AD9JLUPR0ItqW9JEsl3pU=",
        "owner": "harfbuzz",
        "repo": "harfbuzz",
        "rev": "63973005bc07aba599b47fdd4cf788647b601ccd",
        "type": "github"
      },
      "original": {
        "owner": "harfbuzz",
        "ref": "8.4.0",
        "repo": "harfbuzz",
        "type": "github"
      }
    },
    "home-manager": {
      "inputs": {
        "nixpkgs": [
          "copper",
          "nixpkgs"
        ]
      },
      "locked": {
        "lastModified": 1716448020,
        "narHash": "sha256-u1ddoBOILtLVX4NYzqSZ9Qaqusql1M4reLd1fs554hY=",
        "owner": "nix-community",
        "repo": "home-manager",
        "rev": "25dedb0d52c20448f6a63cc346df1adbd6ef417e",
        "type": "github"
      },
      "original": {
        "owner": "nix-community",
        "repo": "home-manager",
        "type": "github"
      }
    },
    "hy3": {
      "inputs": {
        "hyprland": [
          "copper",
          "hyprland"
        ]
      },
      "locked": {
        "lastModified": 1715207265,
        "narHash": "sha256-ym3hYsZNTKjYviqljeVNepVTsXZrSBFUxKhFJtOeI/Y=",
        "owner": "outfoxxed",
        "repo": "hy3",
        "rev": "33c8d761ff1c1d2264f7549a7bcfc010929d153c",
        "type": "github"
      },
      "original": {
        "owner": "outfoxxed",
        "repo": "hy3",
        "type": "github"
      }
    },
    "hypr-contrib": {
      "inputs": {
        "nixpkgs": [
          "nixpkgs"
        ]
      },
      "locked": {
        "lastModified": 1716228712,
        "narHash": "sha256-y+LOXuSRMfkR2Vfwl5K2NVrszi1h5MJpML+msLnVS8U=",
        "owner": "hyprwm",
        "repo": "contrib",
        "rev": "33b38358559054d316eb605ccb733980dfa7dc63",
        "type": "github"
      },
      "original": {
        "owner": "hyprwm",
        "repo": "contrib",
        "type": "github"
      }
    },
    "hyprcursor": {
      "inputs": {
        "hyprlang": [
          "copper",
          "hyprlang"
        ],
        "nixpkgs": [
          "copper",
          "nixpkgs"
        ],
        "systems": [
          "copper",
          "systems-linux"
        ]
      },
      "locked": {
        "lastModified": 1713612213,
        "narHash": "sha256-zJboXgWNpNhKyNF8H/3UYzWkx7w00TOCGKi3cwi+tsw=",
        "owner": "hyprwm",
        "repo": "hyprcursor",
        "rev": "cab4746180f210a3c1dd3d53e45c510e309e90e1",
        "type": "github"
      },
      "original": {
        "owner": "hyprwm",
        "repo": "hyprcursor",
        "type": "github"
      }
    },
    "hyprcursor_2": {
      "inputs": {
        "hyprlang": [
          "hyprland",
          "hyprlang"
        ],
        "nixpkgs": [
          "hyprland",
          "nixpkgs"
        ],
        "systems": [
          "hyprland",
          "systems"
        ]
      },
      "locked": {
        "lastModified": 1717181720,
        "narHash": "sha256-yv+QZWsusu/NWjydkxixHC2g+tIJ9v+xkE2EiVpJj6g=",
        "owner": "hyprwm",
        "repo": "hyprcursor",
        "rev": "9e27a2c2ceb1e0b85bd55b0afefad196056fe87c",
        "type": "github"
      },
      "original": {
        "owner": "hyprwm",
        "repo": "hyprcursor",
        "type": "github"
      }
    },
    "hyprfocus": {
      "inputs": {
        "hyprland": [
          "copper",
          "hyprland"
        ],
        "nix-filter": "nix-filter"
      },
      "locked": {
        "lastModified": 1712965597,
        "narHash": "sha256-QCmFRWM2dBEWvMtbSTpb5hQ830GdiEIDv70dydp969s=",
        "owner": "pyt0xic",
        "repo": "hyprfocus",
        "rev": "0bf15a1492e8aaaaa4719b35b68dfbb7b806a31b",
        "type": "github"
      },
      "original": {
        "owner": "pyt0xic",
        "repo": "hyprfocus",
        "type": "github"
      }
    },
    "hypridle": {
      "inputs": {
        "hyprlang": [
          "copper",
          "hyprlang"
        ],
        "nixpkgs": [
          "copper",
          "nixpkgs"
        ],
        "systems": [
          "copper",
          "systems-linux"
        ]
      },
      "locked": {
        "lastModified": 1716309977,
        "narHash": "sha256-4jDQIcMDSFOOMBxVTEiC6Ck1vdc0kAFvv+StxnnE59Q=",
        "owner": "hyprwm",
        "repo": "hypridle",
        "rev": "cb169c4e06cec9b4349e3668427e729d22328a54",
        "type": "github"
      },
      "original": {
        "owner": "hyprwm",
        "repo": "hypridle",
        "type": "github"
      }
    },
    "hyprland": {
      "inputs": {
        "hyprcursor": "hyprcursor_2",
        "hyprlang": "hyprlang_2",
        "hyprutils": "hyprutils",
        "hyprwayland-scanner": "hyprwayland-scanner",
        "nixpkgs": [
          "nixpkgs"
        ],
        "systems": [
          "systems"
        ],
        "xdph": "xdph"
      },
      "locked": {
        "lastModified": 1718359900,
        "narHash": "sha256-eVf70Ps7O8R3DEEfSMW54V07kxkRv5IaWMxSa77hMu4=",
        "ref": "refs/heads/main",
        "rev": "b2590b58c51094424a9651d8df37dfab838b5bbb",
        "revCount": 4824,
        "submodules": true,
        "type": "git",
        "url": "https://github.com/hyprwm/Hyprland"
      },
      "original": {
        "submodules": true,
        "type": "git",
        "url": "https://github.com/hyprwm/Hyprland"
      }
    },
    "hyprland-plugins": {
      "inputs": {
        "hyprland": [
          "hyprland"
        ],
        "nixpkgs": [
          "hyprland-plugins",
          "hyprland",
          "nixpkgs"
        ],
        "systems": [
          "hyprland-plugins",
          "hyprland",
          "systems"
        ]
      },
      "locked": {
        "lastModified": 1718111105,
        "narHash": "sha256-sLGohaz+8pCce4+wehXSlwOu7c7+We4Zc1ToXGCJYfs=",
        "owner": "hyprwm",
        "repo": "hyprland-plugins",
        "rev": "151102b7d7c4f61ff42f275e72008d28318dac96",
        "type": "github"
      },
      "original": {
        "owner": "hyprwm",
        "repo": "hyprland-plugins",
        "type": "github"
      }
    },
    "hyprland-protocols": {
      "inputs": {
        "nixpkgs": [
          "hyprland",
          "xdph",
          "nixpkgs"
        ],
        "systems": [
          "hyprland",
          "xdph",
          "systems"
        ]
      },
      "locked": {
        "lastModified": 1691753796,
        "narHash": "sha256-zOEwiWoXk3j3+EoF3ySUJmberFewWlagvewDRuWYAso=",
        "owner": "hyprwm",
        "repo": "hyprland-protocols",
        "rev": "0c2ce70625cb30aef199cb388f99e19a61a6ce03",
        "type": "github"
      },
      "original": {
        "owner": "hyprwm",
        "repo": "hyprland-protocols",
        "type": "github"
      }
    },
    "hyprlang": {
      "inputs": {
        "nixpkgs": [
          "copper",
          "nixpkgs"
        ],
        "systems": [
          "copper",
          "systems-linux"
        ]
      },
      "locked": {
        "lastModified": 1715610285,
        "narHash": "sha256-i8ZQeEiwXYhmzqyUaFeHhnRVu6L7g5cy33PcTQjPw4U=",
        "owner": "hyprwm",
        "repo": "hyprlang",
        "rev": "19ec261528f924a275860dcab7979519e41809e5",
        "type": "github"
      },
      "original": {
        "owner": "hyprwm",
        "repo": "hyprlang",
        "type": "github"
      }
    },
    "hyprlang_2": {
      "inputs": {
        "hyprutils": [
          "hyprland",
          "hyprutils"
        ],
        "nixpkgs": [
          "hyprland",
          "nixpkgs"
        ],
        "systems": [
          "hyprland",
          "systems"
        ]
      },
      "locked": {
        "lastModified": 1717881852,
        "narHash": "sha256-XeeVoKHQgfKuXoP6q90sUqKyl7EYy3ol2dVZGM+Jj94=",
        "owner": "hyprwm",
        "repo": "hyprlang",
        "rev": "ec6938c66253429192274d612912649a0cfe4d28",
        "type": "github"
      },
      "original": {
        "owner": "hyprwm",
        "repo": "hyprlang",
        "type": "github"
      }
    },
    "hyprlock": {
      "inputs": {
        "hyprlang": [
          "copper",
          "hyprlang"
        ],
        "nixpkgs": [
          "copper",
          "nixpkgs"
        ],
        "systems": [
          "copper",
          "systems-linux"
        ]
      },
      "locked": {
        "lastModified": 1716309918,
        "narHash": "sha256-XWjBbAsWctkpinaoot+5g0VcO1CmiS90IkL+CGz67DQ=",
        "owner": "hyprwm",
        "repo": "hyprlock",
        "rev": "ba4b08e5f5dacc38af083ef89f8c8c489a900068",
        "type": "github"
      },
      "original": {
        "owner": "hyprwm",
        "repo": "hyprlock",
        "type": "github"
      }
    },
    "hyprspace": {
      "inputs": {
        "hyprland": [
          "copper",
          "hyprland"
        ]
      },
      "locked": {
        "lastModified": 1715376791,
        "narHash": "sha256-QKecFhWAB7sagSE+FXztINDqYqLro2nYp94f+ZtE/f4=",
        "owner": "KZDKM",
        "repo": "Hyprspace",
        "rev": "8049b2794ca19d49320093426677d8c2911e7327",
        "type": "github"
      },
      "original": {
        "owner": "KZDKM",
        "repo": "Hyprspace",
        "type": "github"
      }
    },
    "hyprutils": {
      "inputs": {
        "nixpkgs": [
          "hyprland",
          "nixpkgs"
        ],
        "systems": [
          "hyprland",
          "systems"
        ]
      },
      "locked": {
        "lastModified": 1717881334,
        "narHash": "sha256-a0inRgJhPL6v9v7RPM/rx1kbXdfe3xJA1c9z0ZkYnh4=",
        "owner": "hyprwm",
        "repo": "hyprutils",
        "rev": "0693f9398ab693d89c9a0aa3b3d062dd61b7a60e",
        "type": "github"
      },
      "original": {
        "owner": "hyprwm",
        "repo": "hyprutils",
        "type": "github"
      }
    },
    "hyprwayland-scanner": {
      "inputs": {
        "nixpkgs": [
          "hyprland",
          "nixpkgs"
        ],
        "systems": [
          "hyprland",
          "systems"
        ]
      },
      "locked": {
        "lastModified": 1717784906,
        "narHash": "sha256-YxmfxHfWed1fosaa7fC1u7XoKp1anEZU+7Lh/ojRKoM=",
        "owner": "hyprwm",
        "repo": "hyprwayland-scanner",
        "rev": "0f30f9eca6e404130988554accbb64d1c9ec877d",
        "type": "github"
      },
      "original": {
        "owner": "hyprwm",
        "repo": "hyprwayland-scanner",
        "type": "github"
      }
    },
    "impermanence": {
      "locked": {
        "lastModified": 1708968331,
        "narHash": "sha256-VUXLaPusCBvwM3zhGbRIJVeYluh2uWuqtj4WirQ1L9Y=",
        "owner": "nix-community",
        "repo": "impermanence",
        "rev": "a33ef102a02ce77d3e39c25197664b7a636f9c30",
        "type": "github"
      },
      "original": {
        "owner": "nix-community",
        "repo": "impermanence",
        "type": "github"
      }
    },
    "langref": {
      "flake": false,
      "locked": {
        "narHash": "sha256-O6p2tiKD8ZMhSX+DeA/o5hhAvcPkU2J9lFys/r11peY=",
        "type": "file",
        "url": "https://raw.githubusercontent.com/ziglang/zig/0fb2015fd3422fc1df364995f9782dfe7255eccd/doc/langref.html.in"
      },
      "original": {
        "type": "file",
        "url": "https://raw.githubusercontent.com/ziglang/zig/0fb2015fd3422fc1df364995f9782dfe7255eccd/doc/langref.html.in"
      }
    },
    "lanzaboote": {
      "inputs": {
        "crane": "crane",
        "flake-compat": [
          "copper",
          "flake-compat"
        ],
        "flake-parts": [
          "copper",
          "flake-parts"
        ],
        "flake-utils": [
          "copper",
          "flake-utils"
        ],
        "nixpkgs": [
          "copper",
          "nixpkgs"
        ],
        "pre-commit-hooks-nix": "pre-commit-hooks-nix",
        "rust-overlay": [
          "copper",
          "rust-overlay"
        ]
      },
      "locked": {
        "lastModified": 1713369831,
        "narHash": "sha256-G4OGxvlIIjphpkxcRAkf1QInYsAeqbfNh6Yl1JLy2uM=",
        "owner": "nix-community",
        "repo": "lanzaboote",
        "rev": "850f27322239f8cfa56b122cc9a278ab99a49015",
        "type": "github"
      },
      "original": {
        "owner": "nix-community",
        "repo": "lanzaboote",
        "type": "github"
      }
    },
    "lf-icons": {
      "flake": false,
      "locked": {
        "lastModified": 1715142021,
        "narHash": "sha256-J58ZRN0nPqzzzkAENOQ6wbOdmGgk0ocp9JcTT0s7aa4=",
        "owner": "gokcehan",
        "repo": "lf",
        "rev": "12e99fdb641565e3122ab62dce0b77e836aa69a4",
        "type": "github"
      },
      "original": {
        "owner": "gokcehan",
        "repo": "lf",
        "type": "github"
      }
    },
    "libpng": {
      "flake": false,
      "locked": {
        "lastModified": 1549245649,
        "narHash": "sha256-1+cRp0Ungme/OGfc9kGJbklYIWAFxk8Il1M+NV4KSgw=",
        "owner": "glennrp",
        "repo": "libpng",
        "rev": "8439534daa1d3a5705ba92e653eda9251246dd61",
        "type": "github"
      },
      "original": {
        "owner": "glennrp",
        "repo": "libpng",
        "rev": "8439534daa1d3a5705ba92e653eda9251246dd61",
        "type": "github"
      }
    },
    "matugen": {
      "inputs": {
        "nixpkgs": [
          "copper",
          "nixpkgs"
        ]
      },
      "locked": {
        "lastModified": 1709492670,
        "narHash": "sha256-gj92Im1uim9cIDs67sBV/KFfqp2BYB16+ha5hwyqXOs=",
        "owner": "InioX",
        "repo": "matugen",
        "rev": "e278b4f425c38a33357fe6085e8cd16a5ad4f938",
        "type": "github"
      },
      "original": {
        "owner": "InioX",
        "repo": "matugen",
        "type": "github"
      }
    },
    "nix-darwin": {
      "inputs": {
        "nixpkgs": [
          "copper",
          "nixpkgs"
        ]
      },
      "locked": {
        "lastModified": 1713492497,
        "narHash": "sha256-FifiHvYmHL7BEOaQorHjHRaW3SJj2qYCdxUmCETAQl4=",
        "owner": "LnL7",
        "repo": "nix-darwin",
        "rev": "eb25dc61a62efcdf47efce6cb17cd5cb3c8f2719",
        "type": "github"
      },
      "original": {
        "owner": "LnL7",
        "ref": "master",
        "repo": "nix-darwin",
        "type": "github"
      }
    },
    "nix-filter": {
      "locked": {
        "lastModified": 1694857738,
        "narHash": "sha256-bxxNyLHjhu0N8T3REINXQ2ZkJco0ABFPn6PIe2QUfqo=",
        "owner": "numtide",
        "repo": "nix-filter",
        "rev": "41fd48e00c22b4ced525af521ead8792402de0ea",
        "type": "github"
      },
      "original": {
        "owner": "numtide",
        "repo": "nix-filter",
        "type": "github"
      }
    },
    "nix-homebrew": {
      "inputs": {
        "brew-src": "brew-src",
        "flake-utils": [
          "copper",
          "flake-utils"
        ],
        "nix-darwin": [
          "copper",
          "nix-darwin"
        ],
        "nixpkgs": [
          "copper",
          "nixpkgs"
        ]
      },
      "locked": {
        "lastModified": 1712182779,
        "narHash": "sha256-DchWIKi4c7Jl7CJXVzOxVetxy+SqnlAY3QuUNy8z+aE=",
        "owner": "zhaofengli",
        "repo": "nix-homebrew",
        "rev": "445f7989e096fb90902eed4256b04d8b57c8b358",
        "type": "github"
      },
      "original": {
        "owner": "zhaofengli",
        "repo": "nix-homebrew",
        "type": "github"
      }
    },
    "nix-index-database": {
      "inputs": {
        "nixpkgs": [
          "copper",
          "nixpkgs"
        ]
      },
      "locked": {
        "lastModified": 1716170277,
        "narHash": "sha256-fCAiox/TuzWGVaAz16PxrR4Jtf9lN5dwWL2W74DS0yI=",
        "owner": "Mic92",
        "repo": "nix-index-database",
        "rev": "e0638db3db43b582512a7de8c0f8363a162842b9",
        "type": "github"
      },
      "original": {
        "owner": "Mic92",
        "repo": "nix-index-database",
        "type": "github"
      }
    },
    "nix-ld-rs": {
      "inputs": {
        "flake-compat": [
          "copper",
          "flake-compat"
        ],
        "flake-utils": [
          "copper",
          "flake-utils"
        ],
        "nixpkgs": [
          "copper",
          "nixpkgs"
        ]
      },
      "locked": {
        "lastModified": 1716116133,
        "narHash": "sha256-CwOldvBBXr1K2Zr6z5chHtieBBIQqk+k5RKt3hkF1OU=",
        "owner": "nix-community",
        "repo": "nix-ld-rs",
        "rev": "bca096389e440f0f20a6a795546f65e2f2f7410d",
        "type": "github"
      },
      "original": {
        "owner": "nix-community",
        "repo": "nix-ld-rs",
        "type": "github"
      }
    },
    "nix-search-cli": {
      "inputs": {
        "flake-compat": [
          "copper",
          "flake-compat"
        ],
        "flake-utils": [
          "copper",
          "flake-utils"
        ],
        "gomod2nix": "gomod2nix",
        "nixpkgs": [
          "copper",
          "nixpkgs"
        ]
      },
      "locked": {
        "lastModified": 1694533851,
        "narHash": "sha256-YM1Lf7py79rU8aJE0PfQaMr5JWx5J1covUf1aCjRkc8=",
        "owner": "peterldowns",
        "repo": "nix-search-cli",
        "rev": "f3f1c53c72dadac06472a7112aeb486ab5dda695",
        "type": "github"
      },
      "original": {
        "owner": "peterldowns",
        "repo": "nix-search-cli",
        "type": "github"
      }
    },
    "nixd": {
      "inputs": {
        "flake-parts": [
          "flake-parts"
        ],
        "flake-root": "flake-root",
        "nixpkgs": [
          "nixpkgs"
        ]
      },
      "locked": {
        "lastModified": 1714620672,
        "narHash": "sha256-A6hoZ4fbWxd7Mx+r3e1HEw2IPaAn4WcMEIocy/ZCz28=",
        "owner": "nix-community",
        "repo": "nixd",
        "rev": "1256a5e31a680bc9564eca89cd2b2598feeefc26",
        "type": "github"
      },
      "original": {
        "owner": "nix-community",
        "ref": "release/2.1",
        "repo": "nixd",
        "type": "github"
      }
    },
    "nixos-anywhere": {
      "inputs": {
        "disko": [
          "copper",
          "disko"
        ],
        "flake-parts": [
          "copper",
          "flake-parts"
        ],
        "nixos-images": "nixos-images",
        "nixos-stable": "nixos-stable",
        "nixpkgs": [
          "copper",
          "nixpkgs"
        ],
        "treefmt-nix": "treefmt-nix"
      },
      "locked": {
        "lastModified": 1712738767,
        "narHash": "sha256-H02MqBYW6ekafiO8ol8gZq1JwGM1eQYLXhHrnFouBJg=",
        "owner": "numtide",
        "repo": "nixos-anywhere",
        "rev": "05854a92a58f4332e9e55ef3aef1570b8ae8bc72",
        "type": "github"
      },
      "original": {
        "owner": "numtide",
        "repo": "nixos-anywhere",
        "type": "github"
      }
    },
    "nixos-images": {
      "inputs": {
        "nixos-2311": [
          "copper",
          "nixos-anywhere",
          "nixos-stable"
        ],
        "nixos-unstable": [
          "copper",
          "nixos-anywhere",
          "nixpkgs"
        ]
      },
      "locked": {
        "lastModified": 1702375325,
        "narHash": "sha256-kEdrh6IB7xh7YDwZ0ZVCngCs+uoS9gx4ydEoJRnM1Is=",
        "owner": "nix-community",
        "repo": "nixos-images",
        "rev": "d655cc02fcb9ecdcca4f3fb307e291a4b5be1339",
        "type": "github"
      },
      "original": {
        "owner": "nix-community",
        "repo": "nixos-images",
        "type": "github"
      }
    },
    "nixos-stable": {
      "locked": {
        "lastModified": 1702233072,
        "narHash": "sha256-H5G2wgbim2Ku6G6w+NSaQaauv6B6DlPhY9fMvArKqRo=",
        "owner": "NixOS",
        "repo": "nixpkgs",
        "rev": "781e2a9797ecf0f146e81425c822dca69fe4a348",
        "type": "github"
      },
      "original": {
        "owner": "NixOS",
        "ref": "nixos-23.11",
        "repo": "nixpkgs",
        "type": "github"
      }
    },
    "nixos-wsl": {
      "inputs": {
        "flake-compat": [
          "copper",
          "flake-compat"
        ],
        "flake-utils": [
          "copper",
          "flake-utils"
        ],
        "nixpkgs": [
          "copper",
          "nixpkgs"
        ]
      },
      "locked": {
        "lastModified": 1710519878,
        "narHash": "sha256-0dbc10OBFUVYyXC+C+N6vRUd8xyBSRxkcZ4Egipbx0M=",
        "owner": "nix-community",
        "repo": "NixOS-WSL",
        "rev": "aef95bdb6800a3a2af7aa7083d6df03067da6592",
        "type": "github"
      },
      "original": {
        "owner": "nix-community",
        "repo": "NixOS-WSL",
        "type": "github"
      }
    },
    "nixpkgs": {
      "locked": {
        "lastModified": 1718622336,
        "narHash": "sha256-lywfxWRBn+lwdKaBy5x5uTkbCcEPUonCn6bK8OQPsw4=",
        "owner": "nixos",
        "repo": "nixpkgs",
        "rev": "d0fc4188d246ab953653f00e9ce0cf51d10d5eda",
        "type": "github"
      },
      "original": {
        "owner": "nixos",
        "repo": "nixpkgs",
        "type": "github"
      }
    },
    "nixpkgs-lib": {
      "locked": {
        "lastModified": 1717284937,
        "narHash": "sha256-lIbdfCsf8LMFloheeE6N31+BMIeixqyQWbSr2vk79EQ=",
        "type": "tarball",
        "url": "https://github.com/NixOS/nixpkgs/archive/eb9ceca17df2ea50a250b6b27f7bf6ab0186f198.tar.gz"
      },
      "original": {
        "type": "tarball",
        "url": "https://github.com/NixOS/nixpkgs/archive/eb9ceca17df2ea50a250b6b27f7bf6ab0186f198.tar.gz"
      }
    },
    "nixpkgs-stable": {
      "locked": {
        "lastModified": 1710695816,
        "narHash": "sha256-3Eh7fhEID17pv9ZxrPwCLfqXnYP006RKzSs0JptsN84=",
        "owner": "NixOS",
        "repo": "nixpkgs",
        "rev": "614b4613980a522ba49f0d194531beddbb7220d3",
        "type": "github"
      },
      "original": {
        "owner": "NixOS",
        "ref": "nixos-23.11",
        "repo": "nixpkgs",
        "type": "github"
      }
    },
    "nixpkgs-stable_2": {
      "locked": {
        "lastModified": 1720535198,
        "narHash": "sha256-zwVvxrdIzralnSbcpghA92tWu2DV2lwv89xZc8MTrbg=",
        "owner": "NixOS",
        "repo": "nixpkgs",
        "rev": "205fd4226592cc83fd4c0885a3e4c9c400efabb5",
        "type": "github"
      },
      "original": {
        "owner": "NixOS",
        "ref": "release-23.11",
        "repo": "nixpkgs",
        "type": "github"
      }
    },
    "nixpkgs_2": {
      "locked": {
        "lastModified": 1726463316,
        "narHash": "sha256-gI9kkaH0ZjakJOKrdjaI/VbaMEo9qBbSUl93DnU7f4c=",
        "owner": "NixOS",
        "repo": "nixpkgs",
        "rev": "99dc8785f6a0adac95f5e2ab05cc2e1bf666d172",
        "type": "github"
      },
      "original": {
        "owner": "NixOS",
        "ref": "nixos-unstable",
        "repo": "nixpkgs",
        "type": "github"
      }
    },
    "nixpkgs_3": {
      "locked": {
        "lastModified": 1730100061,
        "narHash": "sha256-6JpwtWs+gEht/lKjr0/wwvq7c7ttMoZOfImJxgCYtxk=",
        "owner": "nixos",
        "repo": "nixpkgs",
        "rev": "b6b90562f7698ae015471fc4ff5d45399cc6622a",
        "type": "github"
      },
      "original": {
        "owner": "nixos",
        "repo": "nixpkgs",
        "type": "github"
      }
    },
    "nvim-colorctl": {
      "inputs": {
        "zig2nix": "zig2nix_2"
      },
      "locked": {
        "lastModified": 1730711056,
        "narHash": "sha256-G2tqHlDILAk3o39jR5geUwRLlg6Hva58TUg2quMxVFg=",
        "owner": "maxbol",
        "repo": "nvim-colorctl",
        "rev": "e9561958948cf9c3f4ac2a610345bc58893a996e",
        "type": "github"
      },
      "original": {
        "owner": "maxbol",
        "repo": "nvim-colorctl",
        "type": "github"
      }
    },
    "pre-commit-hooks": {
      "inputs": {
        "flake-compat": [
          "flake-compat"
        ],
        "gitignore": [
          "gitignore"
        ],
        "nixpkgs": [
          "nixpkgs"
        ],
        "nixpkgs-stable": [
          "nixpkgs-stable"
        ]
      },
      "locked": {
        "lastModified": 1717664902,
        "narHash": "sha256-7XfBuLULizXjXfBYy/VV+SpYMHreNRHk9nKMsm1bgb4=",
        "owner": "cachix",
        "repo": "git-hooks.nix",
        "rev": "cc4d466cb1254af050ff7bdf47f6d404a7c646d1",
        "type": "github"
      },
      "original": {
        "owner": "cachix",
        "repo": "git-hooks.nix",
        "type": "github"
      }
    },
    "pre-commit-hooks-nix": {
      "inputs": {
        "flake-compat": [
          "copper",
          "lanzaboote",
          "flake-compat"
        ],
        "flake-utils": [
          "copper",
          "lanzaboote",
          "flake-utils"
        ],
        "gitignore": "gitignore",
        "nixpkgs": [
          "copper",
          "lanzaboote",
          "nixpkgs"
        ],
        "nixpkgs-stable": "nixpkgs-stable"
      },
      "locked": {
        "lastModified": 1710923068,
        "narHash": "sha256-6hOpUiuxuwpXXc/xfJsBUJeqqgGI+JMJuLo45aG3cKc=",
        "owner": "cachix",
        "repo": "pre-commit-hooks.nix",
        "rev": "e611897ddfdde3ed3eaac4758635d7177ff78673",
        "type": "github"
      },
      "original": {
        "owner": "cachix",
        "repo": "pre-commit-hooks.nix",
        "type": "github"
      }
    },
    "root": {
      "inputs": {
        "clockifyd": "clockifyd",
        "copper": "copper",
        "custom-udev-rules": "custom-udev-rules",
        "flake-compat": "flake-compat",
        "flake-parts": "flake-parts",
        "flake-utils": "flake-utils_2",
        "gitignore": "gitignore_2",
        "hypr-contrib": "hypr-contrib",
        "hyprland": "hyprland",
        "hyprland-plugins": "hyprland-plugins",
        "nixd": "nixd",
        "nixpkgs": "nixpkgs_2",
        "nixpkgs-stable": "nixpkgs-stable_2",
        "nvim-colorctl": "nvim-colorctl",
        "pre-commit-hooks": "pre-commit-hooks",
        "sops-nix": "sops-nix",
        "spicetify-nix": "spicetify-nix",
        "systems": "systems_3",
        "systems-linux": "systems-linux_2",
        "tmux-sessionx": "tmux-sessionx",
        "zig-overlay": "zig-overlay",
        "zls": "zls"
      }
    },
    "rust-overlay": {
      "inputs": {
        "flake-utils": [
          "copper",
          "flake-utils"
        ],
        "nixpkgs": [
          "copper",
          "nixpkgs"
        ]
      },
      "locked": {
        "lastModified": 1716430594,
        "narHash": "sha256-vdVzaGD5p+KG7XHepIeX5rUPmdzEcF2w6rhqfr0SNkI=",
        "owner": "oxalica",
        "repo": "rust-overlay",
        "rev": "ee0db3aeebafeaada2b98d076de6d314b4c8682e",
        "type": "github"
      },
      "original": {
        "owner": "oxalica",
        "repo": "rust-overlay",
        "type": "github"
      }
    },
    "sops-nix": {
      "inputs": {
        "nixpkgs": [
          "nixpkgs"
        ],
        "nixpkgs-stable": [
          "nixpkgs-stable"
        ]
      },
      "locked": {
        "lastModified": 1718137936,
        "narHash": "sha256-psA+1Q5fPaK6yI3vzlLINNtb6EeXj111zQWnZYyJS9c=",
        "owner": "Mic92",
        "repo": "sops-nix",
        "rev": "c279dec105dd53df13a5e57525da97905cc0f0d6",
        "type": "github"
      },
      "original": {
        "owner": "Mic92",
        "repo": "sops-nix",
        "type": "github"
      }
    },
    "spicetify-nix": {
      "inputs": {
        "flake-utils": [
          "flake-utils"
        ],
        "nixpkgs": [
          "nixpkgs"
        ]
      },
      "locked": {
        "lastModified": 1704167711,
        "narHash": "sha256-kFDq+kf/Di/P8bq5sUP8pVwRkrSVrABksBjMPmLic3s=",
        "owner": "the-argus",
        "repo": "spicetify-nix",
        "rev": "1325416f951d6a82cfddb1289864ad782e2b87c4",
        "type": "github"
      },
      "original": {
        "owner": "the-argus",
        "repo": "spicetify-nix",
        "type": "github"
      }
    },
    "systems": {
      "locked": {
        "lastModified": 1681028828,
        "narHash": "sha256-Vy1rq5AaRuLzOxct8nz4T6wlgyUR7zLU309k9mBC768=",
        "owner": "nix-systems",
        "repo": "default",
        "rev": "da67096a3b9bf56a91d16901293e51ba5b49a27e",
        "type": "github"
      },
      "original": {
        "owner": "nix-systems",
        "repo": "default",
        "type": "github"
      }
    },
    "systems-linux": {
      "locked": {
        "lastModified": 1689347949,
        "narHash": "sha256-12tWmuL2zgBgZkdoB6qXZsgJEH9LR3oUgpaQq2RbI80=",
        "owner": "nix-systems",
        "repo": "default-linux",
        "rev": "31732fcf5e8fea42e59c2488ad31a0e651500f68",
        "type": "github"
      },
      "original": {
        "owner": "nix-systems",
        "repo": "default-linux",
        "type": "github"
      }
    },
    "systems-linux_2": {
      "locked": {
        "lastModified": 1689347949,
        "narHash": "sha256-12tWmuL2zgBgZkdoB6qXZsgJEH9LR3oUgpaQq2RbI80=",
        "owner": "nix-systems",
        "repo": "default-linux",
        "rev": "31732fcf5e8fea42e59c2488ad31a0e651500f68",
        "type": "github"
      },
      "original": {
        "owner": "nix-systems",
        "repo": "default-linux",
        "type": "github"
      }
    },
    "systems_2": {
      "locked": {
        "lastModified": 1681028828,
        "narHash": "sha256-Vy1rq5AaRuLzOxct8nz4T6wlgyUR7zLU309k9mBC768=",
        "owner": "nix-systems",
        "repo": "default",
        "rev": "da67096a3b9bf56a91d16901293e51ba5b49a27e",
        "type": "github"
      },
      "original": {
        "owner": "nix-systems",
        "repo": "default",
        "type": "github"
      }
    },
    "systems_3": {
      "locked": {
        "lastModified": 1681028828,
        "narHash": "sha256-Vy1rq5AaRuLzOxct8nz4T6wlgyUR7zLU309k9mBC768=",
        "owner": "nix-systems",
        "repo": "default",
        "rev": "da67096a3b9bf56a91d16901293e51ba5b49a27e",
        "type": "github"
      },
      "original": {
        "owner": "nix-systems",
        "repo": "default",
        "type": "github"
      }
    },
    "tmux-sessionx": {
      "inputs": {
        "flake-parts": [
          "flake-parts"
        ],
        "nixpkgs": [
          "nixpkgs"
        ]
      },
      "locked": {
        "lastModified": 1717101958,
        "narHash": "sha256-48lA6kYQW737GEzeHlgX7uFQbjd1H1n8tyRCyxtuTeg=",
        "owner": "omerxx",
        "repo": "tmux-sessionx",
        "rev": "56abffd0155805f8165fb5af19c50d04c4a49069",
        "type": "github"
      },
      "original": {
        "owner": "omerxx",
        "repo": "tmux-sessionx",
        "type": "github"
      }
    },
    "treefmt-nix": {
      "inputs": {
        "nixpkgs": [
          "copper",
          "nixos-anywhere",
          "nixpkgs"
        ]
      },
      "locked": {
        "lastModified": 1702376629,
        "narHash": "sha256-9uAY8a7JN4DvLe/g4OoldqPbcNZ09YOVXID+CkIqL70=",
        "owner": "numtide",
        "repo": "treefmt-nix",
        "rev": "390018a9398f9763bfc05ffe6443ce0622cb9ba6",
        "type": "github"
      },
      "original": {
        "owner": "numtide",
        "repo": "treefmt-nix",
        "type": "github"
      }
    },
    "turtle-git": {
      "flake": false,
      "locked": {
        "lastModified": 1714891453,
        "narHash": "sha256-CuRHfiDw/4PEfpBeCPnR8GWsxSlrJez5zWl+8vV69Uc=",
        "ref": "refs/heads/main",
        "rev": "847c60858679d9ebde6a704b8885180bd87968cd",
        "revCount": 355,
        "type": "git",
        "url": "https://gitlab.gnome.org/philippun1/turtle"
      },
      "original": {
        "type": "git",
        "url": "https://gitlab.gnome.org/philippun1/turtle"
      }
    },
    "wezterm": {
      "inputs": {
        "flake-utils": [
          "copper",
          "flake-utils"
        ],
        "freetype2": "freetype2",
        "harfbuzz": "harfbuzz",
        "libpng": "libpng",
        "nixpkgs": [
          "copper",
          "nixpkgs"
        ],
        "rust-overlay": [
          "copper",
          "rust-overlay"
        ],
        "zlib": "zlib"
      },
      "locked": {
        "dir": "nix",
        "lastModified": 1716238628,
        "narHash": "sha256-FgwL07e3rsZVagpveCEDqxlUk4GS1uNq2ysvAZUmbLw=",
        "owner": "wez",
        "repo": "wezterm",
        "rev": "b8f94c474ce48ac195b51c1aeacf41ae049b774e",
        "type": "github"
      },
      "original": {
        "dir": "nix",
        "owner": "wez",
        "repo": "wezterm",
        "type": "github"
      }
    },
    "xdph": {
      "inputs": {
        "hyprland-protocols": "hyprland-protocols",
        "hyprlang": [
          "hyprland",
          "hyprlang"
        ],
        "nixpkgs": [
          "hyprland",
          "nixpkgs"
        ],
        "systems": [
          "hyprland",
          "systems"
        ]
      },
      "locked": {
        "lastModified": 1717918856,
        "narHash": "sha256-I38bmPLqamvOfVSArd1hhZtkVRAYBK38fOHZCU1P9Qg=",
        "owner": "hyprwm",
        "repo": "xdg-desktop-portal-hyprland",
        "rev": "72907822c19afc0983c69d59d299204381623725",
        "type": "github"
      },
      "original": {
        "owner": "hyprwm",
        "repo": "xdg-desktop-portal-hyprland",
        "type": "github"
      }
    },
    "zig-overlay": {
      "inputs": {
        "flake-compat": [
          "flake-compat"
        ],
        "flake-utils": [
          "flake-utils"
        ],
        "nixpkgs": [
          "nixpkgs"
        ]
      },
      "locked": {
        "lastModified": 1726402199,
        "narHash": "sha256-Q1NZ72dNZivH7KFkzW3wN1AHdAier+Xido+7XDzc++I=",
        "owner": "mitchellh",
        "repo": "zig-overlay",
        "rev": "ca646ec2a1eebe15b2b6bd33811de6f12aa576c4",
        "type": "github"
      },
      "original": {
        "owner": "mitchellh",
        "repo": "zig-overlay",
        "type": "github"
      }
    },
    "zig2nix": {
      "inputs": {
        "flake-utils": "flake-utils",
        "nixpkgs": "nixpkgs"
      },
      "locked": {
        "lastModified": 1719882878,
        "narHash": "sha256-2cmKpkEPzoEJkTP9V1fTqpPYI0oAFIH/NFB0bMzrToo=",
        "owner": "Cloudef",
        "repo": "zig2nix",
        "rev": "3655ededc2f6b3286c5018953664fc02db56158d",
        "type": "github"
      },
      "original": {
        "owner": "Cloudef",
        "repo": "zig2nix",
        "type": "github"
      }
    },
    "zig2nix_2": {
      "inputs": {
        "flake-utils": "flake-utils_3",
        "nixpkgs": "nixpkgs_3"
      },
      "locked": {
        "lastModified": 1730425494,
        "narHash": "sha256-YqWLp7+yb/nBTBSqGRwKEdhnqvZzjxLbipr4wYpbpSs=",
        "owner": "Cloudef",
        "repo": "zig2nix",
        "rev": "fa2908400c9fdf8a3aa52c048c5832649cf373bf",
        "type": "github"
      },
      "original": {
        "owner": "Cloudef",
        "repo": "zig2nix",
        "type": "github"
      }
    },
    "zlib": {
      "flake": false,
      "locked": {
        "lastModified": 1484501380,
        "narHash": "sha256-j5b6aki1ztrzfCqu8y729sPar8GpyQWIrajdzpJC+ww=",
        "owner": "madler",
        "repo": "zlib",
        "rev": "cacf7f1d4e3d44d871b605da3b647f07d718623f",
        "type": "github"
      },
      "original": {
        "owner": "madler",
        "ref": "v1.2.11",
        "repo": "zlib",
        "type": "github"
      }
    },
    "zls": {
      "inputs": {
        "flake-utils": [
          "flake-utils"
        ],
        "gitignore": [
          "gitignore"
        ],
        "langref": "langref",
        "nixpkgs": [
          "nixpkgs"
        ],
        "zig-overlay": [
          "zig-overlay"
        ]
      },
      "locked": {
        "lastModified": 1717891507,
        "narHash": "sha256-l/Zo1OwdB3js3wXOpgFLozKwq+bdsPySZtKbEbYBb7U=",
        "owner": "zigtools",
        "repo": "zls",
        "rev": "a26718049a8657d4da04c331aeced1697bc7652b",
        "type": "github"
      },
      "original": {
        "owner": "zigtools",
        "repo": "zls",
        "rev": "a26718049a8657d4da04c331aeced1697bc7652b",
        "type": "github"
      }
    }
  },
  "root": "root",
  "version": 7
}
