{
  "name": "ayupalette2chroma",
  "version": "1.0.0",
  "lockfileVersion": 3,
  "requires": true,
  "packages": {
    "": {
      "name": "ayupalette2chroma",
      "version": "1.0.0",
      "license": "ISC",
      "dependencies": {
        "ayu": "^8.0.1"
      }
    },
    "node_modules/@types/chroma-js": {
      "version": "2.4.4",
      "resolved": "https://registry.npmjs.org/@types/chroma-js/-/chroma-js-2.4.4.tgz",
      "integrity": "sha512-/DTccpHTaKomqussrn+ciEvfW4k6NAHzNzs/sts1TCqg333qNxOhy8TNIoQCmbGG3Tl8KdEhkGAssb1n3mTXiQ==",
      "license": "MIT"
    },
    "node_modules/ayu": {
      "version": "8.0.1",
      "resolved": "https://registry.npmjs.org/ayu/-/ayu-8.0.1.tgz",
      "integrity": "sha512-yuPZ2kZYQoYaPRQ/78F9rXDVx1rVGCJ1neBYithBoSprD6zPdIJdAKizUXG0jtTBu7nTFyAnVFFYuLnCS3cpDw==",
      "license": "MIT",
      "dependencies": {
        "@types/chroma-js": "^2.0.0",
        "chroma-js": "^2.1.0",
        "nonenumerable": "^1.1.1"
      }
    },
    "node_modules/chroma-js": {
      "version": "2.6.0",
      "resolved": "https://registry.npmjs.org/chroma-js/-/chroma-js-2.6.0.tgz",
      "integrity": "sha512-BLHvCB9s8Z1EV4ethr6xnkl/P2YRFOGqfgvuMG/MyCbZPrTA+NeiByY6XvgF0zP4/2deU2CXnWyMa3zu1LqQ3A==",
      "license": "(BSD-3-Clause AND Apache-2.0)"
    },
    "node_modules/nonenumerable": {
      "version": "1.1.1",
      "resolved": "https://registry.npmjs.org/nonenumerable/-/nonenumerable-1.1.1.tgz",
      "integrity": "sha512-ptUD9w9D8WqW6fuJJkZNCImkf+0vdbgUTbRK3i7jsy3olqtH96hYE6Q/S3Tx9NWbcB/ocAjYshXCAUP0lZ9B4Q==",
      "license": "MIT"
    }
  }
}
